
Microsoft Visual Studio Solution File, Format Version 12.00
# Visual Studio Version 17
VisualStudioVersion = 17.6.33723.286
MinimumVisualStudioVersion = 10.0.40219.1
Project("{9A19103F-16F7-4668-BE54-9A1E7A4F7556}") = "Forum.Web", "ForumWorkshopWeb\Forum.Web.csproj", "{611D3B98-F142-4D3A-9742-FCC846018C19}"
EndProject
Project("{9A19103F-16F7-4668-BE54-9A1E7A4F7556}") = "Forum.Data", "Forum.Data\Forum.Data.csproj", "{815199DA-1672-49D0-B19D-2EE190409807}"
EndProject
Project("{9A19103F-16F7-4668-BE54-9A1E7A4F7556}") = "Forum.Data.Models", "Forum.Data.Models\Forum.Data.Models.csproj", "{28D51B82-C306-4818-A921-4CDCD2FE98A0}"
EndProject
Project("{9A19103F-16F7-4668-BE54-9A1E7A4F7556}") = "Forum.Common", "Forum.Common\Forum.Common.csproj", "{F87C244C-E12C-46F8-B373-BD9A522B84E6}"
EndProject
Project("{9A19103F-16F7-4668-BE54-9A1E7A4F7556}") = "Forum.ViewModels", "Forum.ViewModels\Forum.ViewModels.csproj", "{3EB30AC8-EDA1-4F89-992B-58D8EA368DCF}"
EndProject
Project("{9A19103F-16F7-4668-BE54-9A1E7A4F7556}") = "Forum.Services", "Forum.Services\Forum.Services.csproj", "{7EA58B3B-2993-4839-965C-1B7ECC9F9EA7}"
EndProject
Global
	GlobalSection(SolutionConfigurationPlatforms) = preSolution
		Debug|Any CPU = Debug|Any CPU
		Release|Any CPU = Release|Any CPU
	EndGlobalSection
	GlobalSection(ProjectConfigurationPlatforms) = postSolution
		{611D3B98-F142-4D3A-9742-FCC846018C19}.Debug|Any CPU.ActiveCfg = Debug|Any CPU
		{611D3B98-F142-4D3A-9742-FCC846018C19}.Debug|Any CPU.Build.0 = Debug|Any CPU
		{611D3B98-F142-4D3A-9742-FCC846018C19}.Release|Any CPU.ActiveCfg = Release|Any CPU
		{611D3B98-F142-4D3A-9742-FCC846018C19}.Release|Any CPU.Build.0 = Release|Any CPU
		{815199DA-1672-49D0-B19D-2EE190409807}.Debug|Any CPU.ActiveCfg = Debug|Any CPU
		{815199DA-1672-49D0-B19D-2EE190409807}.Debug|Any CPU.Build.0 = Debug|Any CPU
		{815199DA-1672-49D0-B19D-2EE190409807}.Release|Any CPU.ActiveCfg = Release|Any CPU
		{815199DA-1672-49D0-B19D-2EE190409807}.Release|Any CPU.Build.0 = Release|Any CPU
		{28D51B82-C306-4818-A921-4CDCD2FE98A0}.Debug|Any CPU.ActiveCfg = Debug|Any CPU
		{28D51B82-C306-4818-A921-4CDCD2FE98A0}.Debug|Any CPU.Build.0 = Debug|Any CPU
		{28D51B82-C306-4818-A921-4CDCD2FE98A0}.Release|Any CPU.ActiveCfg = Release|Any CPU
		{28D51B82-C306-4818-A921-4CDCD2FE98A0}.Release|Any CPU.Build.0 = Release|Any CPU
		{F87C244C-E12C-46F8-B373-BD9A522B84E6}.Debug|Any CPU.ActiveCfg = Debug|Any CPU
		{F87C244C-E12C-46F8-B373-BD9A522B84E6}.Debug|Any CPU.Build.0 = Debug|Any CPU
		{F87C244C-E12C-46F8-B373-BD9A522B84E6}.Release|Any CPU.ActiveCfg = Release|Any CPU
		{F87C244C-E12C-46F8-B373-BD9A522B84E6}.Release|Any CPU.Build.0 = Release|Any CPU
		{3EB30AC8-EDA1-4F89-992B-58D8EA368DCF}.Debug|Any CPU.ActiveCfg = Debug|Any CPU
		{3EB30AC8-EDA1-4F89-992B-58D8EA368DCF}.Debug|Any CPU.Build.0 = Debug|Any CPU
		{3EB30AC8-EDA1-4F89-992B-58D8EA368DCF}.Release|Any CPU.ActiveCfg = Release|Any CPU
		{3EB30AC8-EDA1-4F89-992B-58D8EA368DCF}.Release|Any CPU.Build.0 = Release|Any CPU
		{7EA58B3B-2993-4839-965C-1B7ECC9F9EA7}.Debug|Any CPU.ActiveCfg = Debug|Any CPU
		{7EA58B3B-2993-4839-965C-1B7ECC9F9EA7}.Debug|Any CPU.Build.0 = Debug|Any CPU
		{7EA58B3B-2993-4839-965C-1B7ECC9F9EA7}.Release|Any CPU.ActiveCfg = Release|Any CPU
		{7EA58B3B-2993-4839-965C-1B7ECC9F9EA7}.Release|Any CPU.Build.0 = Release|Any CPU
	EndGlobalSection
	GlobalSection(SolutionProperties) = preSolution
		HideSolutionNode = FALSE
	EndGlobalSection
	GlobalSection(ExtensibilityGlobals) = postSolution
		SolutionGuid = {4883A6D1-5BF9-4F5C-A1F5-7809E23F48E7}
	EndGlobalSection
EndGlobal
